
Microsoft Visual Studio Solution File, Format Version 12.00
# Visual Studio Version 17
VisualStudioVersion = 17.8.34525.116
MinimumVisualStudioVersion = 10.0.40219.1
Project("{8BC9CEB8-8B4A-11D0-8D11-00A0C91BC942}") = "OcfEngine", "src\OcfEngine.vcxproj", "{F2A1E4E3-DD3D-4CE0-8931-0BE16CDF1BEE}"
EndProject
Project("{8BC9CEB8-8B4A-11D0-8D11-00A0C91BC942}") = "cpp-tests", "tests\cpp-tests\cpp-tests.vcxproj", "{D1A0F537-8924-4192-B6F7-491122BE230C}"
	ProjectSection(ProjectDependencies) = postProject
		{F2A1E4E3-DD3D-4CE0-8931-0BE16CDF1BEE} = {F2A1E4E3-DD3D-4CE0-8931-0BE16CDF1BEE}
	EndProjectSection
EndProject
Project("{2150E333-8FDC-42A3-9474-1A3956D46DE8}") = "Engine", "Engine", "{D45CCAE9-1E9B-48F1-8C55-F75796531807}"
EndProject
Project("{2150E333-8FDC-42A3-9474-1A3956D46DE8}") = "ThirdParty", "ThirdParty", "{3D49C5ED-ACBB-435C-A698-E41165B4FAC4}"
EndProject
Project("{8BC9CEB8-8B4A-11D0-8D11-00A0C91BC942}") = "TinyXML2", "third_party\TinyXML2\TinyXML2.vcxproj", "{28408653-A1A0-41B1-B29D-8A972EF54901}"
EndProject
Project("{8BC9CEB8-8B4A-11D0-8D11-00A0C91BC942}") = "glad", "third_party\glad\glad.vcxproj", "{FEA80335-1B05-4F45-AB54-30C1E21FC762}"
EndProject
Global
	GlobalSection(SolutionConfigurationPlatforms) = preSolution
		Debug|x64 = Debug|x64
		Debug|x86 = Debug|x86
		Release|x64 = Release|x64
		Release|x86 = Release|x86
	EndGlobalSection
	GlobalSection(ProjectConfigurationPlatforms) = postSolution
		{F2A1E4E3-DD3D-4CE0-8931-0BE16CDF1BEE}.Debug|x64.ActiveCfg = Debug|x64
		{F2A1E4E3-DD3D-4CE0-8931-0BE16CDF1BEE}.Debug|x64.Build.0 = Debug|x64
		{F2A1E4E3-DD3D-4CE0-8931-0BE16CDF1BEE}.Debug|x86.ActiveCfg = Debug|Win32
		{F2A1E4E3-DD3D-4CE0-8931-0BE16CDF1BEE}.Debug|x86.Build.0 = Debug|Win32
		{F2A1E4E3-DD3D-4CE0-8931-0BE16CDF1BEE}.Release|x64.ActiveCfg = Release|x64
		{F2A1E4E3-DD3D-4CE0-8931-0BE16CDF1BEE}.Release|x64.Build.0 = Release|x64
		{F2A1E4E3-DD3D-4CE0-8931-0BE16CDF1BEE}.Release|x86.ActiveCfg = Release|Win32
		{F2A1E4E3-DD3D-4CE0-8931-0BE16CDF1BEE}.Release|x86.Build.0 = Release|Win32
		{D1A0F537-8924-4192-B6F7-491122BE230C}.Debug|x64.ActiveCfg = Debug|x64
		{D1A0F537-8924-4192-B6F7-491122BE230C}.Debug|x64.Build.0 = Debug|x64
		{D1A0F537-8924-4192-B6F7-491122BE230C}.Debug|x86.ActiveCfg = Debug|Win32
		{D1A0F537-8924-4192-B6F7-491122BE230C}.Debug|x86.Build.0 = Debug|Win32
		{D1A0F537-8924-4192-B6F7-491122BE230C}.Release|x64.ActiveCfg = Release|x64
		{D1A0F537-8924-4192-B6F7-491122BE230C}.Release|x64.Build.0 = Release|x64
		{D1A0F537-8924-4192-B6F7-491122BE230C}.Release|x86.ActiveCfg = Release|Win32
		{D1A0F537-8924-4192-B6F7-491122BE230C}.Release|x86.Build.0 = Release|Win32
		{28408653-A1A0-41B1-B29D-8A972EF54901}.Debug|x64.ActiveCfg = Debug|x64
		{28408653-A1A0-41B1-B29D-8A972EF54901}.Debug|x64.Build.0 = Debug|x64
		{28408653-A1A0-41B1-B29D-8A972EF54901}.Debug|x86.ActiveCfg = Debug|Win32
		{28408653-A1A0-41B1-B29D-8A972EF54901}.Debug|x86.Build.0 = Debug|Win32
		{28408653-A1A0-41B1-B29D-8A972EF54901}.Release|x64.ActiveCfg = Release|x64
		{28408653-A1A0-41B1-B29D-8A972EF54901}.Release|x64.Build.0 = Release|x64
		{28408653-A1A0-41B1-B29D-8A972EF54901}.Release|x86.ActiveCfg = Release|Win32
		{28408653-A1A0-41B1-B29D-8A972EF54901}.Release|x86.Build.0 = Release|Win32
		{FEA80335-1B05-4F45-AB54-30C1E21FC762}.Debug|x64.ActiveCfg = Debug|x64
		{FEA80335-1B05-4F45-AB54-30C1E21FC762}.Debug|x64.Build.0 = Debug|x64
		{FEA80335-1B05-4F45-AB54-30C1E21FC762}.Debug|x86.ActiveCfg = Debug|Win32
		{FEA80335-1B05-4F45-AB54-30C1E21FC762}.Debug|x86.Build.0 = Debug|Win32
		{FEA80335-1B05-4F45-AB54-30C1E21FC762}.Release|x64.ActiveCfg = Release|x64
		{FEA80335-1B05-4F45-AB54-30C1E21FC762}.Release|x64.Build.0 = Release|x64
		{FEA80335-1B05-4F45-AB54-30C1E21FC762}.Release|x86.ActiveCfg = Release|Win32
		{FEA80335-1B05-4F45-AB54-30C1E21FC762}.Release|x86.Build.0 = Release|Win32
	EndGlobalSection
	GlobalSection(SolutionProperties) = preSolution
		HideSolutionNode = FALSE
	EndGlobalSection
	GlobalSection(NestedProjects) = preSolution
		{F2A1E4E3-DD3D-4CE0-8931-0BE16CDF1BEE} = {D45CCAE9-1E9B-48F1-8C55-F75796531807}
		{28408653-A1A0-41B1-B29D-8A972EF54901} = {3D49C5ED-ACBB-435C-A698-E41165B4FAC4}
		{FEA80335-1B05-4F45-AB54-30C1E21FC762} = {3D49C5ED-ACBB-435C-A698-E41165B4FAC4}
	EndGlobalSection
	GlobalSection(ExtensibilityGlobals) = postSolution
		SolutionGuid = {0E951132-8C5C-43C0-883F-E30A158DF8AF}
	EndGlobalSection
EndGlobal
