<?xml version="1.0" encoding="utf-8"?>
<Project ToolsVersion="4.0" xmlns="http://schemas.microsoft.com/developer/msbuild/2003">
  <ItemGroup>
    <Filter Include="リソース ファイル">
      <UniqueIdentifier>{67DA6AB6-F800-4c08-8B7A-83BB121AAD01}</UniqueIdentifier>
      <Extensions>rc;ico;cur;bmp;dlg;rc2;rct;bin;rgs;gif;jpg;jpeg;jpe;resx;tiff;tif;png;wav;mfcribbon-ms</Extensions>
    </Filter>
    <Filter Include="Source">
      <UniqueIdentifier>{4FC737F1-C7A5-4376-A066-2A32D752A2FF}</UniqueIdentifier>
      <Extensions>cpp;c;cc;cxx;c++;cppm;ixx;def;odl;idl;hpj;bat;asm;asmx</Extensions>
    </Filter>
    <Filter Include="Source\SpriteTest">
      <UniqueIdentifier>{6d086665-cdcc-4d51-898a-c3e0fed0ce37}</UniqueIdentifier>
    </Filter>
    <Filter Include="Source\ComponentTest">
      <UniqueIdentifier>{7b4b9f39-1947-4adf-b39d-5442d4093a21}</UniqueIdentifier>
    </Filter>
  </ItemGroup>
  <ItemGroup>
    <ClCompile Include="main.cpp">
      <Filter>Source</Filter>
    </ClCompile>
    <ClCompile Include="MainScene.cpp">
      <Filter>Source</Filter>
    </ClCompile>
    <ClCompile Include="AppDelegate.cpp">
      <Filter>Source</Filter>
    </ClCompile>
    <ClCompile Include="BaseTest.cpp">
      <Filter>Source</Filter>
    </ClCompile>
    <ClCompile Include="SpriteTest\SpriteTest.cpp">
      <Filter>Source\SpriteTest</Filter>
    </ClCompile>
    <ClCompile Include="ComponentTest\ComponentTest.cpp">
      <Filter>Source\ComponentTest</Filter>
    </ClCompile>
  </ItemGroup>
  <ItemGroup>
    <ClInclude Include="MainScene.h">
      <Filter>Source</Filter>
    </ClInclude>
    <ClInclude Include="AppDelegate.h">
      <Filter>Source</Filter>
    </ClInclude>
    <ClInclude Include="BaseTest.h">
      <Filter>Source</Filter>
    </ClInclude>
    <ClInclude Include="SpriteTest\SpriteTest.h">
      <Filter>Source\SpriteTest</Filter>
    </ClInclude>
    <ClInclude Include="ComponentTest\ComponentTest.h">
      <Filter>Source\ComponentTest</Filter>
    </ClInclude>
  </ItemGroup>
</Project>